
Microsoft Visual Studio Solution File, Format Version 12.00
# Visual Studio 14
VisualStudioVersion = 14.0.25420.1
MinimumVisualStudioVersion = 10.0.40219.1
Project("{8BC9CEB8-8B4A-11D0-8D11-00A0C91BC942}") = "Cataclysm-App", "Cataclysm-App.vcxproj", "{18A6550D-1A53-478B-B615-20A2AF25A2CB}"
EndProject
Project("{2150E333-8FDC-42A3-9474-1A3956D46DE8}") = "Solution Items", "Solution Items", "{8309953A-3C97-45C4-A674-BCC7FAA49283}"
	ProjectSection(SolutionItems) = preProject
		..\.editorconfig = ..\.editorconfig
		AStyleExtension-Cataclysm-DDA.cfg = AStyleExtension-Cataclysm-DDA.cfg
	EndProjectSection
EndProject
Project("{8BC9CEB8-8B4A-11D0-8D11-00A0C91BC942}") = "Cataclysm-Lib", "Cataclysm-Lib.vcxproj", "{6F6EACFC-B178-4E71-ABE2-805C1F4BF3D8}"
EndProject
Project("{8BC9CEB8-8B4A-11D0-8D11-00A0C91BC942}") = "Cataclysm-Tests", "Cataclysm-Tests.vcxproj", "{0005F1C3-0BCC-4980-8C62-4A8B91C116BA}"
EndProject
Global
	GlobalSection(SolutionConfigurationPlatforms) = preSolution
		Debug|x64 = Debug|x64
		Debug|x86 = Debug|x86
		Release|x64 = Release|x64
		Release|x86 = Release|x86
	EndGlobalSection
	GlobalSection(ProjectConfigurationPlatforms) = postSolution
		{18A6550D-1A53-478B-B615-20A2AF25A2CB}.Debug|x64.ActiveCfg = Debug|x64
		{18A6550D-1A53-478B-B615-20A2AF25A2CB}.Debug|x64.Build.0 = Debug|x64
		{18A6550D-1A53-478B-B615-20A2AF25A2CB}.Debug|x86.ActiveCfg = Debug|Win32
		{18A6550D-1A53-478B-B615-20A2AF25A2CB}.Debug|x86.Build.0 = Debug|Win32
		{18A6550D-1A53-478B-B615-20A2AF25A2CB}.Release|x64.ActiveCfg = Release|x64
		{18A6550D-1A53-478B-B615-20A2AF25A2CB}.Release|x64.Build.0 = Release|x64
		{18A6550D-1A53-478B-B615-20A2AF25A2CB}.Release|x86.ActiveCfg = Release|Win32
		{18A6550D-1A53-478B-B615-20A2AF25A2CB}.Release|x86.Build.0 = Release|Win32
		{6F6EACFC-B178-4E71-ABE2-805C1F4BF3D8}.Debug|x64.ActiveCfg = Debug|x64
		{6F6EACFC-B178-4E71-ABE2-805C1F4BF3D8}.Debug|x64.Build.0 = Debug|x64
		{6F6EACFC-B178-4E71-ABE2-805C1F4BF3D8}.Debug|x86.ActiveCfg = Debug|Win32
		{6F6EACFC-B178-4E71-ABE2-805C1F4BF3D8}.Debug|x86.Build.0 = Debug|Win32
		{6F6EACFC-B178-4E71-ABE2-805C1F4BF3D8}.Release|x64.ActiveCfg = Release|x64
		{6F6EACFC-B178-4E71-ABE2-805C1F4BF3D8}.Release|x64.Build.0 = Release|x64
		{6F6EACFC-B178-4E71-ABE2-805C1F4BF3D8}.Release|x86.ActiveCfg = Release|Win32
		{6F6EACFC-B178-4E71-ABE2-805C1F4BF3D8}.Release|x86.Build.0 = Release|Win32
		{0005F1C3-0BCC-4980-8C62-4A8B91C116BA}.Debug|x64.ActiveCfg = Debug|x64
		{0005F1C3-0BCC-4980-8C62-4A8B91C116BA}.Debug|x64.Build.0 = Debug|x64
		{0005F1C3-0BCC-4980-8C62-4A8B91C116BA}.Debug|x86.ActiveCfg = Debug|Win32
		{0005F1C3-0BCC-4980-8C62-4A8B91C116BA}.Debug|x86.Build.0 = Debug|Win32
		{0005F1C3-0BCC-4980-8C62-4A8B91C116BA}.Release|x64.ActiveCfg = Release|x64
		{0005F1C3-0BCC-4980-8C62-4A8B91C116BA}.Release|x64.Build.0 = Release|x64
		{0005F1C3-0BCC-4980-8C62-4A8B91C116BA}.Release|x86.ActiveCfg = Release|Win32
		{0005F1C3-0BCC-4980-8C62-4A8B91C116BA}.Release|x86.Build.0 = Release|Win32
	EndGlobalSection
	GlobalSection(SolutionProperties) = preSolution
		HideSolutionNode = FALSE
	EndGlobalSection
EndGlobal
