<?xml version="1.0" encoding="UTF-8" standalone="yes" ?>
<CodeBlocks_project_file>
	<FileVersion major="1" minor="6" />
	<Project>
		<Option title="Cataclysm" />
		<Option pch_mode="2" />
		<Option compiler="gcc" />
		<Build>
			<Target title="Release">
				<Option output="Cataclysm" prefix_auto="1" extension_auto="1" />
				<Option object_output="obj\Release\" />
				<Option type="0" />
				<Option compiler="gcc" />
				<Compiler>
					<Add option="-Os" />
					<Add option="-O2" />
					<Add option="-DRELEASE=1" />
					<Add directory="WinDepend\SDLttf\SDL_ttf-2.0.11\include" />
					<Add directory="WinDepend\SDL-1.2.15\include\SDL" />
				</Compiler>
				<Linker>
					<Add library="WinDepend\SDLttf\SDL_ttf-2.0.11\lib\x86\SDL_ttf.lib" />
					<Add library="WinDepend\SDL-1.2.15\lib\libSDL.dll.a" />
					<Add library="WinDepend\SDL-1.2.15\lib\libSDLmain.a" />
					<Add directory="WinDepend\SDL-1.2.15\lib" />
					<Add directory="WinDepend\SDLttf\SDL_ttf-2.0.11\lib\x86" />
					<Add directory="WinDepend\libiconv\lib" />
				</Linker>
			</Target>
			<Target title="Release - Localized">
				<Option output="Cataclysm" prefix_auto="1" extension_auto="1" />
				<Option object_output="obj\Release\" />
				<Option type="0" />
				<Option compiler="gcc" />
				<Compiler>
					<Add option="-Os" />
					<Add option="-O2" />
					<Add option="-DLOCALIZE" />
					<Add option="-DRELEASE=1" />
					<Add directory="WinDepend\SDLttf\SDL_ttf-2.0.11\include" />
					<Add directory="WinDepend\SDL-1.2.15\include\SDL" />
					<Add directory="WinDepend\SDLImg_binVC\SDL_image-1.2.12\include" />
				</Compiler>
				<Linker>
					<Add library="intl" />
					<Add library="iconv" />
					<Add library="WinDepend\SDLttf\SDL_ttf-2.0.11\lib\x86\SDL_ttf.lib" />
					<Add library="WinDepend\SDL-1.2.15\lib\libSDL.dll.a" />
					<Add library="WinDepend\SDL-1.2.15\lib\libSDLmain.a" />
					<Add library="WinDepend\SDLImg_binVC\SDL_image-1.2.12\lib\x86\SDL_image.lib" />
					<Add directory="WinDepend\SDL-1.2.15\lib" />
					<Add directory="WinDepend\SDLttf\SDL_ttf-2.0.11\lib\x86" />
					<Add directory="WinDepend\libiconv\lib" />
					<Add directory="WinDepend\SDLImg_binVC\SDL_image-1.2.12\lib\x86" />
				</Linker>
			</Target>
			<Target title="Release -SDL">
				<Option output="Cataclysm" prefix_auto="1" extension_auto="1" />
				<Option object_output="obj\Release\" />
				<Option type="0" />
				<Option compiler="gcc" />
				<Compiler>
					<Add option="-Os" />
					<Add option="-O2" />
					<Add option="-DTILES" />
					<Add option="-DRELEASE=1" />
					<Add directory="WinDepend\SDLttf\SDL_ttf-2.0.11\include" />
					<Add directory="WinDepend\SDL-1.2.15\include\SDL" />
					<Add directory="WinDepend\SDLImg_binVC\SDL_image-1.2.12\include" />
				</Compiler>
				<Linker>
					<Add library="libSDL.dll" />
					<Add library="SDL_ttf" />
					<Add library="WinDepend\SDLttf\SDL_ttf-2.0.11\lib\x86\SDL_ttf.lib" />
					<Add library="WinDepend\SDL-1.2.15\lib\libSDL.dll.a" />
					<Add library="WinDepend\SDL-1.2.15\lib\libSDLmain.a" />
					<Add library="WinDepend\SDLImg_binVC\SDL_image-1.2.12\lib\x86\SDL_image.lib" />
					<Add directory="WinDepend\SDL-1.2.15\lib" />
					<Add directory="WinDepend\SDLttf\SDL_ttf-2.0.11\lib\x86" />
					<Add directory="WinDepend\libiconv\lib" />
					<Add directory="WinDepend\SDLImg_binVC\SDL_image-1.2.12\lib\x86" />
				</Linker>
			</Target>
			<Target title="Release -SDL -Localized">
				<Option output="Cataclysm" prefix_auto="1" extension_auto="1" />
				<Option object_output="obj\Release\" />
				<Option type="0" />
				<Option compiler="gcc" />
				<Compiler>
					<Add option="-Os" />
					<Add option="-O2" />
					<Add option="-DLOCALIZE" />
					<Add option="-DTILES" />
					<Add option="-DSDLTILES" />
					<Add option="-DRELEASE=1" />
					<Add directory="WinDepend\SDLttf\SDL_ttf-2.0.11\include" />
					<Add directory="WinDepend\SDL-1.2.15\include\SDL" />
					<Add directory="WinDepend\SDLImg_binVC\SDL_image-1.2.12\include" />
				</Compiler>
				<Linker>
					<Add library="intl" />
					<Add library="iconv" />
					<Add library="WinDepend\SDLttf\SDL_ttf-2.0.11\lib\x86\SDL_ttf.lib" />
					<Add library="WinDepend\SDL-1.2.15\lib\libSDL.dll.a" />
					<Add library="WinDepend\SDL-1.2.15\lib\libSDLmain.a" />
					<Add library="WinDepend\SDLImg_binVC\SDL_image-1.2.12\lib\x86\SDL_image.lib" />
					<Add directory="WinDepend\SDL-1.2.15\lib" />
					<Add directory="WinDepend\SDLttf\SDL_ttf-2.0.11\lib\x86" />
					<Add directory="WinDepend\libiconv\lib" />
					<Add directory="WinDepend\SDLImg_binVC\SDL_image-1.2.12\lib\x86" />
				</Linker>
			</Target>
			<Target title="Debug">
				<Option output="Cataclysm" prefix_auto="1" extension_auto="1" />
				<Option object_output="obj\Debug\" />
				<Option type="0" />
				<Option compiler="gcc" />
				<Compiler>
					<Add option="-pg" />
					<Add option="-g" />
				</Compiler>
				<Linker>
					<Add option="-pg -lgmon" />
				</Linker>
			</Target>
			<Target title="Debug - Localized">
				<Option output="Cataclysm" prefix_auto="1" extension_auto="1" />
				<Option object_output="obj\Debug\" />
				<Option type="0" />
				<Option compiler="gcc" />
				<Compiler>
					<Add option="-pg" />
					<Add option="-g" />
					<Add option="-DLOCALIZE" />
				</Compiler>
				<Linker>
					<Add option="-pg -lgmon" />
					<Add library="intl" />
					<Add library="iconv" />
				</Linker>
			</Target>
			<Target title="Release - Tile Support">
				<Option output="Cataclysm-Tiles" prefix_auto="1" extension_auto="1" />
				<Option object_output="obj\TilesRelease\" />
				<Option type="0" />
				<Option compiler="gcc" />
				<Compiler>
					<Add option="-Os" />
					<Add option="-O2" />
					<Add option="-pg" />
					<Add option="-DSDLTILES" />
					<Add directory="3rdparty\include\SDL" />
				</Compiler>
				<Linker>
					<Add option="-pg -lgmon" />
					<Add library="3rdparty\lib\libSDL.dll.a" />
					<Add library="3rdparty\lib\libSDLmain.a" />
					<Add library="3rdparty\lib\x86\SDL_image.lib" />
					<Add library="3rdparty\lib\x86\SDL_ttf.lib" />
					<Add directory="3rdparty\lib" />
					<Add directory="3rdparty\lib\x86" />
				</Linker>
			</Target>
			<Target title="Debug - Tile Support">
				<Option output="Cataclysm-Tiles" prefix_auto="1" extension_auto="1" />
				<Option object_output="obj\TilesRelease\" />
				<Option type="0" />
				<Option compiler="gcc" />
				<Compiler>
					<Add option="-Os" />
					<Add option="-O2" />
					<Add option="-pg" />
					<Add option="-g" />
					<Add option="-DSDLTILES" />
					<Add directory="3rdparty\include\SDL" />
				</Compiler>
				<Linker>
					<Add option="-pg -lgmon" />
					<Add library="3rdparty\lib\libSDL.dll.a" />
					<Add library="3rdparty\lib\libSDLmain.a" />
					<Add library="3rdparty\lib\x86\SDL_image.lib" />
					<Add library="3rdparty\lib\x86\SDL_ttf.lib" />
					<Add directory="3rdparty\lib" />
					<Add directory="3rdparty\lib\x86" />
				</Linker>
			</Target>
		</Build>
		<Compiler>
			<Add option="-Wextra" />
			<Add option="-Wall" />
			<Add option="-Wno-switch -Wno-sign-compare -Wno-missing-braces -Wno-unused-parameter" />
		</Compiler>
		<Linker>
			<Add option="-Wl,-stack,12000000,-subsystem,windows" />
			<Add option="-static" />
			<Add library="gdi32" />
			<Add library="winmm" />
		</Linker>
		<Unit filename="SDLMain.h" />
		<Unit filename="action.cpp" />
		<Unit filename="action.h" />
		<Unit filename="addiction.cpp" />
		<Unit filename="addiction.h" />
		<Unit filename="advanced_inv.cpp" />
		<Unit filename="advanced_inv.h" />
		<Unit filename="animation_curses.cpp" />
		<Unit filename="animation_tiles.cpp" />
		<Unit filename="artifact.cpp" />
		<Unit filename="artifact.h" />
		<Unit filename="artifactdata.h" />
		<Unit filename="auto_pickup.cpp" />
		<Unit filename="auto_pickup.h" />
		<Unit filename="basecamp.cpp" />
		<Unit filename="basecamp.h" />
		<Unit filename="bionics.cpp" />
		<Unit filename="bionics.h" />
		<Unit filename="bodypart.cpp" />
		<Unit filename="bodypart.h" />
		<Unit filename="building_generation.cpp" />
		<Unit filename="building_generation.h" />
		<Unit filename="calendar.cpp" />
		<Unit filename="calendar.h" />
		<Unit filename="cata_tiles.cpp" />
		<Unit filename="cata_tiles.h" />
		<Unit filename="catacharset.cpp" />
		<Unit filename="catacharset.h" />
		<Unit filename="catacurse.h" />
		<Unit filename="catajson.cpp" />
		<Unit filename="catajson.h" />
		<Unit filename="color.cpp" />
		<Unit filename="color.h" />
		<Unit filename="computer.cpp" />
		<Unit filename="computer.h" />
		<Unit filename="construction.cpp" />
		<Unit filename="construction.h" />
		<Unit filename="coordinates.h" />
		<Unit filename="crafting.cpp" />
		<Unit filename="crafting.h" />
		<Unit filename="cursesdef.h" />
		<Unit filename="cursesport.cpp" />
		<Unit filename="debug.cpp" />
		<Unit filename="debug.h" />
		<Unit filename="defense.cpp" />
		<Unit filename="dialogue.h" />
		<Unit filename="disease.cpp" />
		<Unit filename="disease.h" />
		<Unit filename="editmap.cpp" />
		<Unit filename="editmap.h" />
		<Unit filename="enums.h" />
		<Unit filename="event.cpp" />
		<Unit filename="event.h" />
		<Unit filename="faction.cpp" />
		<Unit filename="faction.h" />
		<Unit filename="field.cpp" />
		<Unit filename="field.h" />
		<Unit filename="file_finder.cpp" />
		<Unit filename="file_finder.h" />
		<Unit filename="game.cpp" />
		<Unit filename="game.h" />
		<Unit filename="gamemode.cpp" />
		<Unit filename="gamemode.h" />
		<Unit filename="gamesave.cpp" />
		<Unit filename="get_version.h" />
		<Unit filename="graffiti.cpp" />
		<Unit filename="graffiti.h" />
		<Unit filename="help.cpp" />
		<Unit filename="helper.cpp" />
		<Unit filename="helper.h" />
		<Unit filename="iexamine.cpp" />
		<Unit filename="iexamine.h" />
		<Unit filename="init.cpp" />
		<Unit filename="init.h" />
		<Unit filename="input.cpp" />
		<Unit filename="input.h" />
		<Unit filename="inventory.cpp" />
		<Unit filename="inventory.h" />
		<Unit filename="inventory_ui.cpp" />
		<Unit filename="item.cpp" />
		<Unit filename="item.h" />
		<Unit filename="item_factory.cpp" />
		<Unit filename="item_factory.h" />
		<Unit filename="item_group.cpp" />
		<Unit filename="item_group.h" />
		<Unit filename="itype.h" />
		<Unit filename="itypedef.cpp" />
		<Unit filename="iuse.cpp" />
		<Unit filename="iuse.h" />
		<Unit filename="iuse_software.cpp" />
		<Unit filename="iuse_software.h" />
		<Unit filename="iuse_software_kitten.cpp" />
		<Unit filename="iuse_software_kitten.h" />
		<Unit filename="iuse_software_snake.cpp" />
		<Unit filename="iuse_software_snake.h" />
		<Unit filename="iuse_software_sokoban.cpp" />
		<Unit filename="iuse_software_sokoban.h" />
		<Unit filename="json.cpp" />
		<Unit filename="json.h" />
		<Unit filename="keypress.cpp" />
		<Unit filename="keypress.h" />
		<Unit filename="lightmap.cpp" />
		<Unit filename="lightmap.h" />
		<Unit filename="line.cpp" />
		<Unit filename="line.h" />
		<Unit filename="main.cpp" />
		<Unit filename="main_menu.cpp" />
		<Unit filename="map.cpp" />
		<Unit filename="map.h" />
		<Unit filename="mapbuffer.cpp" />
		<Unit filename="mapbuffer.h" />
		<Unit filename="mapdata.cpp" />
		<Unit filename="mapdata.h" />
		<Unit filename="mapgen.cpp" />
		<Unit filename="mapgenformat.cpp" />
		<Unit filename="mapgenformat.h" />
		<Unit filename="mapitems.h" />
		<Unit filename="martialarts.cpp" />
		<Unit filename="martialarts.h" />
		<Unit filename="material.cpp" />
		<Unit filename="material.h" />
		<Unit filename="melee.cpp" />
		<Unit filename="mission.cpp" />
		<Unit filename="mission.h" />
		<Unit filename="mission_end.cpp" />
		<Unit filename="mission_fail.cpp" />
		<Unit filename="mission_place.cpp" />
		<Unit filename="mission_start.cpp" />
		<Unit filename="missiondef.cpp" />
		<Unit filename="mod_factory.h" />
		<Unit filename="monattack.cpp" />
		<Unit filename="monattack.h" />
		<Unit filename="mondeath.cpp" />
		<Unit filename="mondeath.h" />
		<Unit filename="mongroup.h" />
		<Unit filename="mongroupdef.cpp" />
		<Unit filename="monitemsdef.cpp" />
		<Unit filename="monmove.cpp" />
		<Unit filename="monster.cpp" />
		<Unit filename="monster.h" />
		<Unit filename="monstergenerator.cpp" />
		<Unit filename="monstergenerator.h" />
		<Unit filename="morale.h" />
		<Unit filename="moraledata.h" />
		<Unit filename="mtype.h" />
		<Unit filename="mtypedef.cpp" />
		<Unit filename="mutation.cpp" />
		<Unit filename="mutation.h" />
		<Unit filename="mutation_data.cpp" />
		<Unit filename="name.cpp" />
		<Unit filename="name.h" />
		<Unit filename="newcharacter.cpp" />
		<Unit filename="npc.cpp" />
		<Unit filename="npc.h" />
		<Unit filename="npcmove.cpp" />
		<Unit filename="npctalk.cpp" />
		<Unit filename="omdata.h" />
		<Unit filename="options.cpp" />
		<Unit filename="options.h" />
		<Unit filename="output.cpp" />
		<Unit filename="output.h" />
		<Unit filename="overmap.cpp" />
		<Unit filename="overmap.h" />
		<Unit filename="overmapbuffer.cpp" />
		<Unit filename="overmapbuffer.h" />
		<Unit filename="picofunc.cpp" />
		<Unit filename="picofunc.h" />
		<Unit filename="picojson.h" />
		<Unit filename="player.cpp" />
		<Unit filename="player.h" />
		<Unit filename="pldata.h" />
		<Unit filename="posix_time.cpp" />
		<Unit filename="posix_time.h" />
		<Unit filename="profession.cpp" />
		<Unit filename="profession.h" />
		<Unit filename="ranged.cpp" />
		<Unit filename="resource.rc">
			<Option compilerVar="WINDRES" />
		</Unit>
		<Unit filename="rng.cpp" />
		<Unit filename="rng.h" />
		<Unit filename="savegame_json.cpp" />
		<Unit filename="savegame_legacy.cpp" />
		<Unit filename="sdltiles.cpp" />
		<Unit filename="settlement.cpp" />
		<Unit filename="settlement.h" />
		<Unit filename="setvector.cpp" />
		<Unit filename="setvector.h" />
		<Unit filename="skill.cpp" />
		<Unit filename="skill.h" />
		<Unit filename="text_snippets.cpp" />
		<Unit filename="text_snippets.h" />
		<Unit filename="tile_id_data.h" />
		<Unit filename="tileray.cpp" />
		<Unit filename="tileray.h" />
		<Unit filename="translations.h" />
		<Unit filename="trap.h" />
		<Unit filename="trapdef.cpp" />
		<Unit filename="trapfunc.cpp" />
		<Unit filename="tutorial.cpp" />
		<Unit filename="tutorial.h" />
		<Unit filename="ui.cpp" />
		<Unit filename="ui.h" />
		<Unit filename="uistate.h" />
		<Unit filename="veh_interact.cpp" />
		<Unit filename="veh_interact.h" />
		<Unit filename="veh_type.h" />
		<Unit filename="veh_typedef.cpp" />
		<Unit filename="vehicle.cpp" />
		<Unit filename="vehicle.h" />
		<Unit filename="version.cpp" />
		<Unit filename="wcwidth.c">
			<Option compilerVar="CC" />
		</Unit>
		<Unit filename="wdirent.h" />
		<Unit filename="weather.cpp" />
		<Unit filename="weather.h" />
		<Unit filename="weather_data.cpp" />
		<Unit filename="wincurse.cpp" />
		<Unit filename="wish.cpp" />
		<Extensions>
			<code_completion />
			<debugger />
			<envvars />
			<DoxyBlocks>
				<comment_style block="0" line="0" />
				<doxyfile_project />
				<doxyfile_build />
				<doxyfile_warnings />
				<doxyfile_output />
				<doxyfile_dot />
				<general />
			</DoxyBlocks>
		</Extensions>
	</Project>
</CodeBlocks_project_file>
