<?xml version="1.0" encoding="utf-8"?>
<Project ToolsVersion="4.0" xmlns="http://schemas.microsoft.com/developer/msbuild/2003">
  <ItemGroup>
    <Filter Include="Source Files">
      <UniqueIdentifier>{4FC737F1-C7A5-4376-A066-2A32D752A2FF}</UniqueIdentifier>
      <Extensions>cpp;c;cc;cxx;def;odl;idl;hpj;bat;asm;asmx</Extensions>
    </Filter>
    <Filter Include="Header Files">
      <UniqueIdentifier>{93995380-89BD-4b04-88EB-625FBE52EBFB}</UniqueIdentifier>
      <Extensions>h;hh;hpp;hxx;hm;inl;inc;xsd</Extensions>
    </Filter>
    <Filter Include="Resource Files">
      <UniqueIdentifier>{67DA6AB6-F800-4c08-8B7A-83BB121AAD01}</UniqueIdentifier>
      <Extensions>rc;ico;cur;bmp;dlg;rc2;rct;bin;rgs;gif;jpg;jpeg;jpe;resx;tiff;tif;png;wav;mfcribbon-ms</Extensions>
    </Filter>
  </ItemGroup>
  <ItemGroup>
    <ClCompile Include="..\src\wcwidth.c">
      <Filter>Source Files</Filter>
    </ClCompile>
    <ClCompile Include="..\src\action.cpp">
      <Filter>Source Files</Filter>
    </ClCompile>
    <ClCompile Include="..\src\addiction.cpp">
      <Filter>Source Files</Filter>
    </ClCompile>
    <ClCompile Include="..\src\advanced_inv.cpp">
      <Filter>Source Files</Filter>
    </ClCompile>
    <ClCompile Include="..\src\animation_curses.cpp">
      <Filter>Source Files</Filter>
    </ClCompile>
    <ClCompile Include="..\src\animation_tiles.cpp">
      <Filter>Source Files</Filter>
    </ClCompile>
    <ClCompile Include="..\src\artifact.cpp">
      <Filter>Source Files</Filter>
    </ClCompile>
    <ClCompile Include="..\src\auto_pickup.cpp">
      <Filter>Source Files</Filter>
    </ClCompile>
    <ClCompile Include="..\src\basecamp.cpp">
      <Filter>Source Files</Filter>
    </ClCompile>
    <ClCompile Include="..\src\bionics.cpp">
      <Filter>Source Files</Filter>
    </ClCompile>
    <ClCompile Include="..\src\bodypart.cpp">
      <Filter>Source Files</Filter>
    </ClCompile>
    <ClCompile Include="..\src\calendar.cpp">
      <Filter>Source Files</Filter>
    </ClCompile>
    <ClCompile Include="..\src\cata_tiles.cpp">
      <Filter>Source Files</Filter>
    </ClCompile>
    <ClCompile Include="..\src\catacharset.cpp">
      <Filter>Source Files</Filter>
    </ClCompile>
    <ClCompile Include="..\src\catalua.cpp">
      <Filter>Source Files</Filter>
    </ClCompile>
    <ClCompile Include="..\src\char_validity_check.cpp">
      <Filter>Source Files</Filter>
    </ClCompile>
    <ClCompile Include="..\src\color.cpp">
      <Filter>Source Files</Filter>
    </ClCompile>
    <ClCompile Include="..\src\computer.cpp">
      <Filter>Source Files</Filter>
    </ClCompile>
    <ClCompile Include="..\src\construction.cpp">
      <Filter>Source Files</Filter>
    </ClCompile>
    <ClCompile Include="..\src\crafting.cpp">
      <Filter>Source Files</Filter>
    </ClCompile>
    <ClCompile Include="..\src\cursesport.cpp">
      <Filter>Source Files</Filter>
    </ClCompile>
    <ClCompile Include="..\src\debug.cpp">
      <Filter>Source Files</Filter>
    </ClCompile>
    <ClCompile Include="..\src\defense.cpp">
      <Filter>Source Files</Filter>
    </ClCompile>
    <ClCompile Include="..\src\disease.cpp">
      <Filter>Source Files</Filter>
    </ClCompile>
    <ClCompile Include="..\src\editmap.cpp">
      <Filter>Source Files</Filter>
    </ClCompile>
    <ClCompile Include="..\src\event.cpp">
      <Filter>Source Files</Filter>
    </ClCompile>
    <ClCompile Include="..\src\faction.cpp">
      <Filter>Source Files</Filter>
    </ClCompile>
    <ClCompile Include="..\src\field.cpp">
      <Filter>Source Files</Filter>
    </ClCompile>
    <ClCompile Include="..\src\file_finder.cpp">
      <Filter>Source Files</Filter>
    </ClCompile>
    <ClCompile Include="..\src\game.cpp">
      <Filter>Source Files</Filter>
    </ClCompile>
    <ClCompile Include="..\src\gamemode.cpp">
      <Filter>Source Files</Filter>
    </ClCompile>
    <ClCompile Include="..\src\graffiti.cpp">
      <Filter>Source Files</Filter>
    </ClCompile>
    <ClCompile Include="..\src\help.cpp">
      <Filter>Source Files</Filter>
    </ClCompile>
    <ClCompile Include="..\src\helper.cpp">
      <Filter>Source Files</Filter>
    </ClCompile>
    <ClCompile Include="..\src\iexamine.cpp">
      <Filter>Source Files</Filter>
    </ClCompile>
    <ClCompile Include="..\src\init.cpp">
      <Filter>Source Files</Filter>
    </ClCompile>
    <ClCompile Include="..\src\input.cpp">
      <Filter>Source Files</Filter>
    </ClCompile>
    <ClCompile Include="..\src\inventory.cpp">
      <Filter>Source Files</Filter>
    </ClCompile>
    <ClCompile Include="..\src\inventory_ui.cpp">
      <Filter>Source Files</Filter>
    </ClCompile>
    <ClCompile Include="..\src\item.cpp">
      <Filter>Source Files</Filter>
    </ClCompile>
    <ClCompile Include="..\src\item_factory.cpp">
      <Filter>Source Files</Filter>
    </ClCompile>
    <ClCompile Include="..\src\item_group.cpp">
      <Filter>Source Files</Filter>
    </ClCompile>
    <ClCompile Include="..\src\itypedef.cpp">
      <Filter>Source Files</Filter>
    </ClCompile>
    <ClCompile Include="..\src\iuse.cpp">
      <Filter>Source Files</Filter>
    </ClCompile>
    <ClCompile Include="..\src\iuse_software.cpp">
      <Filter>Source Files</Filter>
    </ClCompile>
    <ClCompile Include="..\src\iuse_software_kitten.cpp">
      <Filter>Source Files</Filter>
    </ClCompile>
    <ClCompile Include="..\src\iuse_software_snake.cpp">
      <Filter>Source Files</Filter>
    </ClCompile>
    <ClCompile Include="..\src\iuse_software_sokoban.cpp">
      <Filter>Source Files</Filter>
    </ClCompile>
    <ClCompile Include="..\src\json.cpp">
      <Filter>Source Files</Filter>
    </ClCompile>
    <ClCompile Include="..\src\keypress.cpp">
      <Filter>Source Files</Filter>
    </ClCompile>
    <ClCompile Include="..\src\lightmap.cpp">
      <Filter>Source Files</Filter>
    </ClCompile>
    <ClCompile Include="..\src\line.cpp">
      <Filter>Source Files</Filter>
    </ClCompile>
    <ClCompile Include="..\src\live_view.cpp">
      <Filter>Source Files</Filter>
    </ClCompile>
    <ClCompile Include="..\src\main.cpp">
      <Filter>Source Files</Filter>
    </ClCompile>
    <ClCompile Include="..\src\main_menu.cpp">
      <Filter>Source Files</Filter>
    </ClCompile>
    <ClCompile Include="..\src\map.cpp">
      <Filter>Source Files</Filter>
    </ClCompile>
    <ClCompile Include="..\src\mapbuffer.cpp">
      <Filter>Source Files</Filter>
    </ClCompile>
    <ClCompile Include="..\src\mapdata.cpp">
      <Filter>Source Files</Filter>
    </ClCompile>
    <ClCompile Include="..\src\mapgen.cpp">
      <Filter>Source Files</Filter>
    </ClCompile>
    <ClCompile Include="..\src\mapgen_functions.cpp">
      <Filter>Source Files</Filter>
    </ClCompile>
    <ClCompile Include="..\src\mapgenformat.cpp">
      <Filter>Source Files</Filter>
    </ClCompile>
    <ClCompile Include="..\src\martialarts.cpp">
      <Filter>Source Files</Filter>
    </ClCompile>
    <ClCompile Include="..\src\material.cpp">
      <Filter>Source Files</Filter>
    </ClCompile>
    <ClCompile Include="..\src\melee.cpp">
      <Filter>Source Files</Filter>
    </ClCompile>
    <ClCompile Include="..\src\mission.cpp">
      <Filter>Source Files</Filter>
    </ClCompile>
    <ClCompile Include="..\src\mission_end.cpp">
      <Filter>Source Files</Filter>
    </ClCompile>
    <ClCompile Include="..\src\mission_fail.cpp">
      <Filter>Source Files</Filter>
    </ClCompile>
    <ClCompile Include="..\src\mission_place.cpp">
      <Filter>Source Files</Filter>
    </ClCompile>
    <ClCompile Include="..\src\mission_start.cpp">
      <Filter>Source Files</Filter>
    </ClCompile>
    <ClCompile Include="..\src\missiondef.cpp">
      <Filter>Source Files</Filter>
    </ClCompile>
    <ClCompile Include="..\src\monattack.cpp">
      <Filter>Source Files</Filter>
    </ClCompile>
    <ClCompile Include="..\src\mondeath.cpp">
      <Filter>Source Files</Filter>
    </ClCompile>
    <ClCompile Include="..\src\mongroupdef.cpp">
      <Filter>Source Files</Filter>
    </ClCompile>
    <ClCompile Include="..\src\monitemsdef.cpp">
      <Filter>Source Files</Filter>
    </ClCompile>
    <ClCompile Include="..\src\monmove.cpp">
      <Filter>Source Files</Filter>
    </ClCompile>
    <ClCompile Include="..\src\monster.cpp">
      <Filter>Source Files</Filter>
    </ClCompile>
    <ClCompile Include="..\src\monstergenerator.cpp">
      <Filter>Source Files</Filter>
    </ClCompile>
    <ClCompile Include="..\src\mtypedef.cpp">
      <Filter>Source Files</Filter>
    </ClCompile>
    <ClCompile Include="..\src\mutation.cpp">
      <Filter>Source Files</Filter>
    </ClCompile>
    <ClCompile Include="..\src\mutation_data.cpp">
      <Filter>Source Files</Filter>
    </ClCompile>
    <ClCompile Include="..\src\name.cpp">
      <Filter>Source Files</Filter>
    </ClCompile>
    <ClCompile Include="..\src\newcharacter.cpp">
      <Filter>Source Files</Filter>
    </ClCompile>
    <ClCompile Include="..\src\npc.cpp">
      <Filter>Source Files</Filter>
    </ClCompile>
    <ClCompile Include="..\src\npcmove.cpp">
      <Filter>Source Files</Filter>
    </ClCompile>
    <ClCompile Include="..\src\npctalk.cpp">
      <Filter>Source Files</Filter>
    </ClCompile>
    <ClCompile Include="..\src\options.cpp">
      <Filter>Source Files</Filter>
    </ClCompile>
    <ClCompile Include="..\src\output.cpp">
      <Filter>Source Files</Filter>
    </ClCompile>
    <ClCompile Include="..\src\overmap.cpp">
      <Filter>Source Files</Filter>
    </ClCompile>
    <ClCompile Include="..\src\overmapbuffer.cpp">
      <Filter>Source Files</Filter>
    </ClCompile>
    <ClCompile Include="..\src\player.cpp">
      <Filter>Source Files</Filter>
    </ClCompile>
    <ClCompile Include="..\src\posix_time.cpp">
      <Filter>Source Files</Filter>
    </ClCompile>
    <ClCompile Include="..\src\profession.cpp">
      <Filter>Source Files</Filter>
    </ClCompile>
    <ClCompile Include="..\src\ranged.cpp">
      <Filter>Source Files</Filter>
    </ClCompile>
    <ClCompile Include="..\src\rng.cpp">
      <Filter>Source Files</Filter>
    </ClCompile>
    <ClCompile Include="..\src\savegame.cpp">
      <Filter>Source Files</Filter>
    </ClCompile>
    <ClCompile Include="..\src\savegame_json.cpp">
      <Filter>Source Files</Filter>
    </ClCompile>
    <ClCompile Include="..\src\savegame_legacy.cpp">
      <Filter>Source Files</Filter>
    </ClCompile>
    <ClCompile Include="..\src\sdltiles.cpp">
      <Filter>Source Files</Filter>
    </ClCompile>
    <ClCompile Include="..\src\setvector.cpp">
      <Filter>Source Files</Filter>
    </ClCompile>
    <ClCompile Include="..\src\skill.cpp">
      <Filter>Source Files</Filter>
    </ClCompile>
    <ClCompile Include="..\src\speech.cpp">
      <Filter>Source Files</Filter>
    </ClCompile>
    <ClCompile Include="..\src\text_snippets.cpp">
      <Filter>Source Files</Filter>
    </ClCompile>
    <ClCompile Include="..\src\tileray.cpp">
      <Filter>Source Files</Filter>
    </ClCompile>
    <ClCompile Include="..\src\translations.cpp">
      <Filter>Source Files</Filter>
    </ClCompile>
    <ClCompile Include="..\src\trapdef.cpp">
      <Filter>Source Files</Filter>
    </ClCompile>
    <ClCompile Include="..\src\trapfunc.cpp">
      <Filter>Source Files</Filter>
    </ClCompile>
    <ClCompile Include="..\src\tutorial.cpp">
      <Filter>Source Files</Filter>
    </ClCompile>
    <ClCompile Include="..\src\ui.cpp">
      <Filter>Source Files</Filter>
    </ClCompile>
    <ClCompile Include="..\src\veh_interact.cpp">
      <Filter>Source Files</Filter>
    </ClCompile>
    <ClCompile Include="..\src\veh_typedef.cpp">
      <Filter>Source Files</Filter>
    </ClCompile>
    <ClCompile Include="..\src\vehicle.cpp">
      <Filter>Source Files</Filter>
    </ClCompile>
    <ClCompile Include="..\src\version.cpp">
      <Filter>Source Files</Filter>
    </ClCompile>
    <ClCompile Include="..\src\weather.cpp">
      <Filter>Source Files</Filter>
    </ClCompile>
    <ClCompile Include="..\src\weather_data.cpp">
      <Filter>Source Files</Filter>
    </ClCompile>
    <ClCompile Include="..\src\wincurse.cpp">
      <Filter>Source Files</Filter>
    </ClCompile>
    <ClCompile Include="..\src\wish.cpp">
      <Filter>Source Files</Filter>
    </ClCompile>
    <ClCompile Include="..\src\worldfactory.cpp">
      <Filter>Source Files</Filter>
    </ClCompile>
    <ClCompile Include="..\src\character.cpp">
      <Filter>Source Files</Filter>
    </ClCompile>
    <ClCompile Include="..\src\creature.cpp">
      <Filter>Source Files</Filter>
    </ClCompile>
    <ClCompile Include="..\src\creature_tracker.cpp">
      <Filter>Source Files</Filter>
    </ClCompile>
    <ClCompile Include="..\src\damage.cpp">
      <Filter>Source Files</Filter>
    </ClCompile>
    <ClCompile Include="..\src\effect.cpp">
      <Filter>Source Files</Filter>
    </ClCompile>
    <ClCompile Include="..\src\nonplayer.cpp">
      <Filter>Source Files</Filter>
    </ClCompile>
    <ClCompile Include="..\src\mod_manager.cpp">
      <Filter>Source Files</Filter>
    </ClCompile>
    <ClCompile Include="..\src\mod_manager_ui.cpp">
      <Filter>Source Files</Filter>
    </ClCompile>
    <ClCompile Include="..\src\dependency_tree.cpp">
      <Filter>Source Files</Filter>
    </ClCompile>
    <ClCompile Include="..\src\ammo.cpp">
      <Filter>Source Files</Filter>
    </ClCompile>
  </ItemGroup>
  <ItemGroup>
    <ClInclude Include="..\src\action.h">
      <Filter>Header Files</Filter>
    </ClInclude>
    <ClInclude Include="..\src\addiction.h">
      <Filter>Header Files</Filter>
    </ClInclude>
    <ClInclude Include="..\src\advanced_inv.h">
      <Filter>Header Files</Filter>
    </ClInclude>
    <ClInclude Include="..\src\artifact.h">
      <Filter>Header Files</Filter>
    </ClInclude>
    <ClInclude Include="..\src\auto_pickup.h">
      <Filter>Header Files</Filter>
    </ClInclude>
    <ClInclude Include="..\src\basecamp.h">
      <Filter>Header Files</Filter>
    </ClInclude>
    <ClInclude Include="..\src\bionics.h">
      <Filter>Header Files</Filter>
    </ClInclude>
    <ClInclude Include="..\src\bodypart.h">
      <Filter>Header Files</Filter>
    </ClInclude>
    <ClInclude Include="..\src\calendar.h">
      <Filter>Header Files</Filter>
    </ClInclude>
    <ClInclude Include="..\src\cata_tiles.h">
      <Filter>Header Files</Filter>
    </ClInclude>
    <ClInclude Include="..\src\catacharset.h">
      <Filter>Header Files</Filter>
    </ClInclude>
    <ClInclude Include="..\src\catacurse.h">
      <Filter>Header Files</Filter>
    </ClInclude>
    <ClInclude Include="..\src\catalua.h">
      <Filter>Header Files</Filter>
    </ClInclude>
    <ClInclude Include="..\src\char_validity_check.h">
      <Filter>Header Files</Filter>
    </ClInclude>
    <ClInclude Include="..\src\color.h">
      <Filter>Header Files</Filter>
    </ClInclude>
    <ClInclude Include="..\src\computer.h">
      <Filter>Header Files</Filter>
    </ClInclude>
    <ClInclude Include="..\src\construction.h">
      <Filter>Header Files</Filter>
    </ClInclude>
    <ClInclude Include="..\src\coordinates.h">
      <Filter>Header Files</Filter>
    </ClInclude>
    <ClInclude Include="..\src\crafting.h">
      <Filter>Header Files</Filter>
    </ClInclude>
    <ClInclude Include="..\src\cursesdef.h">
      <Filter>Header Files</Filter>
    </ClInclude>
    <ClInclude Include="..\src\debug.h">
      <Filter>Header Files</Filter>
    </ClInclude>
    <ClInclude Include="..\src\dependency_tree.h">
      <Filter>Header Files</Filter>
    </ClInclude>
    <ClInclude Include="..\src\dialogue.h">
      <Filter>Header Files</Filter>
    </ClInclude>
    <ClInclude Include="..\src\disease.h">
      <Filter>Header Files</Filter>
    </ClInclude>
    <ClInclude Include="..\src\editmap.h">
      <Filter>Header Files</Filter>
    </ClInclude>
    <ClInclude Include="..\src\enums.h">
      <Filter>Header Files</Filter>
    </ClInclude>
    <ClInclude Include="..\src\event.h">
      <Filter>Header Files</Filter>
    </ClInclude>
    <ClInclude Include="..\src\faction.h">
      <Filter>Header Files</Filter>
    </ClInclude>
    <ClInclude Include="..\src\field.h">
      <Filter>Header Files</Filter>
    </ClInclude>
    <ClInclude Include="..\src\file_finder.h">
      <Filter>Header Files</Filter>
    </ClInclude>
    <ClInclude Include="..\src\game.h">
      <Filter>Header Files</Filter>
    </ClInclude>
    <ClInclude Include="..\src\gamemode.h">
      <Filter>Header Files</Filter>
    </ClInclude>
    <ClInclude Include="..\src\get_version.h">
      <Filter>Header Files</Filter>
    </ClInclude>
    <ClInclude Include="..\src\graffiti.h">
      <Filter>Header Files</Filter>
    </ClInclude>
    <ClInclude Include="..\src\help.h">
      <Filter>Header Files</Filter>
    </ClInclude>
    <ClInclude Include="..\src\helper.h">
      <Filter>Header Files</Filter>
    </ClInclude>
    <ClInclude Include="..\src\iexamine.h">
      <Filter>Header Files</Filter>
    </ClInclude>
    <ClInclude Include="..\src\init.h">
      <Filter>Header Files</Filter>
    </ClInclude>
    <ClInclude Include="..\src\input.h">
      <Filter>Header Files</Filter>
    </ClInclude>
    <ClInclude Include="..\src\inventory.h">
      <Filter>Header Files</Filter>
    </ClInclude>
    <ClInclude Include="..\src\item.h">
      <Filter>Header Files</Filter>
    </ClInclude>
    <ClInclude Include="..\src\item_factory.h">
      <Filter>Header Files</Filter>
    </ClInclude>
    <ClInclude Include="..\src\item_group.h">
      <Filter>Header Files</Filter>
    </ClInclude>
    <ClInclude Include="..\src\itype.h">
      <Filter>Header Files</Filter>
    </ClInclude>
    <ClInclude Include="..\src\iuse.h">
      <Filter>Header Files</Filter>
    </ClInclude>
    <ClInclude Include="..\src\iuse_software.h">
      <Filter>Header Files</Filter>
    </ClInclude>
    <ClInclude Include="..\src\iuse_software_kitten.h">
      <Filter>Header Files</Filter>
    </ClInclude>
    <ClInclude Include="..\src\iuse_software_snake.h">
      <Filter>Header Files</Filter>
    </ClInclude>
    <ClInclude Include="..\src\iuse_software_sokoban.h">
      <Filter>Header Files</Filter>
    </ClInclude>
    <ClInclude Include="..\src\json.h">
      <Filter>Header Files</Filter>
    </ClInclude>
    <ClInclude Include="..\src\keypress.h">
      <Filter>Header Files</Filter>
    </ClInclude>
    <ClInclude Include="..\src\lightmap.h">
      <Filter>Header Files</Filter>
    </ClInclude>
    <ClInclude Include="..\src\line.h">
      <Filter>Header Files</Filter>
    </ClInclude>
    <ClInclude Include="..\src\live_view.h">
      <Filter>Header Files</Filter>
    </ClInclude>
    <ClInclude Include="..\src\map.h">
      <Filter>Header Files</Filter>
    </ClInclude>
    <ClInclude Include="..\src\mapbuffer.h">
      <Filter>Header Files</Filter>
    </ClInclude>
    <ClInclude Include="..\src\mapdata.h">
      <Filter>Header Files</Filter>
    </ClInclude>
    <ClInclude Include="..\src\mapgen_functions.h">
      <Filter>Header Files</Filter>
    </ClInclude>
    <ClInclude Include="..\src\mapgenformat.h">
      <Filter>Header Files</Filter>
    </ClInclude>
    <ClInclude Include="..\src\mapitems.h">
      <Filter>Header Files</Filter>
    </ClInclude>
    <ClInclude Include="..\src\martialarts.h">
      <Filter>Header Files</Filter>
    </ClInclude>
    <ClInclude Include="..\src\material.h">
      <Filter>Header Files</Filter>
    </ClInclude>
    <ClInclude Include="..\src\mission.h">
      <Filter>Header Files</Filter>
    </ClInclude>
    <ClInclude Include="..\src\monattack.h">
      <Filter>Header Files</Filter>
    </ClInclude>
    <ClInclude Include="..\src\mondeath.h">
      <Filter>Header Files</Filter>
    </ClInclude>
    <ClInclude Include="..\src\mongroup.h">
      <Filter>Header Files</Filter>
    </ClInclude>
    <ClInclude Include="..\src\monster.h">
      <Filter>Header Files</Filter>
    </ClInclude>
    <ClInclude Include="..\src\monstergenerator.h">
      <Filter>Header Files</Filter>
    </ClInclude>
    <ClInclude Include="..\src\morale.h">
      <Filter>Header Files</Filter>
    </ClInclude>
    <ClInclude Include="..\src\moraledata.h">
      <Filter>Header Files</Filter>
    </ClInclude>
    <ClInclude Include="..\src\mtype.h">
      <Filter>Header Files</Filter>
    </ClInclude>
    <ClInclude Include="..\src\mutation.h">
      <Filter>Header Files</Filter>
    </ClInclude>
    <ClInclude Include="..\src\name.h">
      <Filter>Header Files</Filter>
    </ClInclude>
    <ClInclude Include="..\src\npc.h">
      <Filter>Header Files</Filter>
    </ClInclude>
    <ClInclude Include="..\src\omdata.h">
      <Filter>Header Files</Filter>
    </ClInclude>
    <ClInclude Include="..\src\options.h">
      <Filter>Header Files</Filter>
    </ClInclude>
    <ClInclude Include="..\src\output.h">
      <Filter>Header Files</Filter>
    </ClInclude>
    <ClInclude Include="..\src\overmap.h">
      <Filter>Header Files</Filter>
    </ClInclude>
    <ClInclude Include="..\src\overmapbuffer.h">
      <Filter>Header Files</Filter>
    </ClInclude>
    <ClInclude Include="..\src\player.h">
      <Filter>Header Files</Filter>
    </ClInclude>
    <ClInclude Include="..\src\pldata.h">
      <Filter>Header Files</Filter>
    </ClInclude>
    <ClInclude Include="..\src\posix_time.h">
      <Filter>Header Files</Filter>
    </ClInclude>
    <ClInclude Include="..\src\profession.h">
      <Filter>Header Files</Filter>
    </ClInclude>
    <ClInclude Include="..\src\rng.h">
      <Filter>Header Files</Filter>
    </ClInclude>
    <ClInclude Include="..\src\savegame.h">
      <Filter>Header Files</Filter>
    </ClInclude>
    <ClInclude Include="..\src\SDLMain.h">
      <Filter>Header Files</Filter>
    </ClInclude>
    <ClInclude Include="..\src\setvector.h">
      <Filter>Header Files</Filter>
    </ClInclude>
    <ClInclude Include="..\src\skill.h">
      <Filter>Header Files</Filter>
    </ClInclude>
    <ClInclude Include="..\src\speech.h">
      <Filter>Header Files</Filter>
    </ClInclude>
    <ClInclude Include="..\src\text_snippets.h">
      <Filter>Header Files</Filter>
    </ClInclude>
    <ClInclude Include="..\src\tile_id_data.h">
      <Filter>Header Files</Filter>
    </ClInclude>
    <ClInclude Include="..\src\tileray.h">
      <Filter>Header Files</Filter>
    </ClInclude>
    <ClInclude Include="..\src\translations.h">
      <Filter>Header Files</Filter>
    </ClInclude>
    <ClInclude Include="..\src\trap.h">
      <Filter>Header Files</Filter>
    </ClInclude>
    <ClInclude Include="..\src\tutorial.h">
      <Filter>Header Files</Filter>
    </ClInclude>
    <ClInclude Include="..\src\ui.h">
      <Filter>Header Files</Filter>
    </ClInclude>
    <ClInclude Include="..\src\uistate.h">
      <Filter>Header Files</Filter>
    </ClInclude>
    <ClInclude Include="..\src\veh_interact.h">
      <Filter>Header Files</Filter>
    </ClInclude>
    <ClInclude Include="..\src\veh_type.h">
      <Filter>Header Files</Filter>
    </ClInclude>
    <ClInclude Include="..\src\vehicle.h">
      <Filter>Header Files</Filter>
    </ClInclude>
    <ClInclude Include="..\src\wdirent.h">
      <Filter>Header Files</Filter>
    </ClInclude>
    <ClInclude Include="..\src\weather.h">
      <Filter>Header Files</Filter>
    </ClInclude>
    <ClInclude Include="..\src\worldfactory.h">
      <Filter>Header Files</Filter>
    </ClInclude>
    <ClInclude Include="..\src\character.h">
      <Filter>Header Files</Filter>
    </ClInclude>
    <ClInclude Include="..\src\creature.h">
      <Filter>Header Files</Filter>
    </ClInclude>
    <ClInclude Include="..\src\damage.h">
      <Filter>Header Files</Filter>
    </ClInclude>
    <ClInclude Include="..\src\creature_tracker.h">
      <Filter>Header Files</Filter>
    </ClInclude>
    <ClInclude Include="..\src\effect.h">
      <Filter>Header Files</Filter>
    </ClInclude>
    <ClInclude Include="..\src\mapgen.h">
      <Filter>Header Files</Filter>
    </ClInclude>
    <ClInclude Include="..\src\nonplayer.h">
      <Filter>Header Files</Filter>
    </ClInclude>
    <ClInclude Include="..\src\mod_manager.h">
      <Filter>Header Files</Filter>
    </ClInclude>
    <ClInclude Include="..\src\ammo.h">
      <Filter>Header Files</Filter>
    </ClInclude>
  </ItemGroup>
  <ItemGroup>
    <None Include="..\src\SDLMain.m" />
  </ItemGroup>
  <ItemGroup>
    <ResourceCompile Include="..\src\resource.rc">
      <Filter>Resource Files</Filter>
    </ResourceCompile>
  </ItemGroup>
</Project>
