
Microsoft Visual Studio Solution File, Format Version 12.00
# Visual Studio Express 2012 for Windows Desktop
Project("{8BC9CEB8-8B4A-11D0-8D11-00A0C91BC942}") = "Cataclysm", "Cataclysm.vcxproj", "{FE1372AC-5F90-447E-BBCA-1B253836EB77}"
EndProject
Global
	GlobalSection(SolutionConfigurationPlatforms) = preSolution
		Debug Localized|Win32 = Debug Localized|Win32
		Debug Localized|Win64 = Debug Localized|Win64
		Debug SDL Localized|Win32 = Debug SDL Localized|Win32
		Debug SDL Localized|Win64 = Debug SDL Localized|Win64
		Debug SDL|Win32 = Debug SDL|Win32
		Debug SDL|Win64 = Debug SDL|Win64
		Debug|Win32 = Debug|Win32
		Debug|Win64 = Debug|Win64
		Release Localized|Win32 = Release Localized|Win32
		Release Localized|Win64 = Release Localized|Win64
		Release SDL Localized|Win32 = Release SDL Localized|Win32
		Release SDL Localized|Win64 = Release SDL Localized|Win64
		Release SDL|Win32 = Release SDL|Win32
		Release SDL|Win64 = Release SDL|Win64
		Release TILES Localized|Win32 = Release TILES Localized|Win32
		Release TILES Localized|Win64 = Release TILES Localized|Win64
		Release|Win32 = Release|Win32
		Release|Win64 = Release|Win64
	EndGlobalSection
	GlobalSection(ProjectConfigurationPlatforms) = postSolution
		{FE1372AC-5F90-447E-BBCA-1B253836EB77}.Debug Localized|Win32.ActiveCfg = Debug Localized|Win32
		{FE1372AC-5F90-447E-BBCA-1B253836EB77}.Debug Localized|Win32.Build.0 = Debug Localized|Win32
		{FE1372AC-5F90-447E-BBCA-1B253836EB77}.Debug Localized|Win64.ActiveCfg = Debug Localized|Win32
		{FE1372AC-5F90-447E-BBCA-1B253836EB77}.Debug SDL Localized|Win32.ActiveCfg = Debug SDL Localized|Win32
		{FE1372AC-5F90-447E-BBCA-1B253836EB77}.Debug SDL Localized|Win32.Build.0 = Debug SDL Localized|Win32
		{FE1372AC-5F90-447E-BBCA-1B253836EB77}.Debug SDL Localized|Win64.ActiveCfg = Debug SDL Localized|Win32
		{FE1372AC-5F90-447E-BBCA-1B253836EB77}.Debug SDL|Win32.ActiveCfg = Debug SDL|Win32
		{FE1372AC-5F90-447E-BBCA-1B253836EB77}.Debug SDL|Win32.Build.0 = Debug SDL|Win32
		{FE1372AC-5F90-447E-BBCA-1B253836EB77}.Debug SDL|Win64.ActiveCfg = Debug SDL|Win32
		{FE1372AC-5F90-447E-BBCA-1B253836EB77}.Debug|Win32.ActiveCfg = Debug|Win32
		{FE1372AC-5F90-447E-BBCA-1B253836EB77}.Debug|Win32.Build.0 = Debug|Win32
		{FE1372AC-5F90-447E-BBCA-1B253836EB77}.Debug|Win64.ActiveCfg = Debug|Win32
		{FE1372AC-5F90-447E-BBCA-1B253836EB77}.Release Localized|Win32.ActiveCfg = Release Localized|Win32
		{FE1372AC-5F90-447E-BBCA-1B253836EB77}.Release Localized|Win32.Build.0 = Release Localized|Win32
		{FE1372AC-5F90-447E-BBCA-1B253836EB77}.Release Localized|Win64.ActiveCfg = Release Localized|Win32
		{FE1372AC-5F90-447E-BBCA-1B253836EB77}.Release SDL Localized|Win32.ActiveCfg = Release SDL Localized|Win32
		{FE1372AC-5F90-447E-BBCA-1B253836EB77}.Release SDL Localized|Win32.Build.0 = Release SDL Localized|Win32
		{FE1372AC-5F90-447E-BBCA-1B253836EB77}.Release SDL Localized|Win64.ActiveCfg = Release SDL Localized|Win32
		{FE1372AC-5F90-447E-BBCA-1B253836EB77}.Release SDL|Win32.ActiveCfg = Release SDL|Win32
		{FE1372AC-5F90-447E-BBCA-1B253836EB77}.Release SDL|Win32.Build.0 = Release SDL|Win32
		{FE1372AC-5F90-447E-BBCA-1B253836EB77}.Release SDL|Win64.ActiveCfg = Release SDL|Win32
		{FE1372AC-5F90-447E-BBCA-1B253836EB77}.Release TILES Localized|Win32.ActiveCfg = Release TILES Localized|Win32
		{FE1372AC-5F90-447E-BBCA-1B253836EB77}.Release TILES Localized|Win32.Build.0 = Release TILES Localized|Win32
		{FE1372AC-5F90-447E-BBCA-1B253836EB77}.Release TILES Localized|Win64.ActiveCfg = Release TILES Localized|Win32
		{FE1372AC-5F90-447E-BBCA-1B253836EB77}.Release|Win32.ActiveCfg = Release|Win32
		{FE1372AC-5F90-447E-BBCA-1B253836EB77}.Release|Win32.Build.0 = Release|Win32
		{FE1372AC-5F90-447E-BBCA-1B253836EB77}.Release|Win64.ActiveCfg = Release|Win32
	EndGlobalSection
	GlobalSection(SolutionProperties) = preSolution
		HideSolutionNode = FALSE
	EndGlobalSection
EndGlobal
